
Microsoft Visual Studio Solution File, Format Version 12.00
# Visual Studio Version 17
VisualStudioVersion = 17.14.36603.0
MinimumVisualStudioVersion = 10.0.40219.1
Project("{FAE04EC0-301F-11D3-BF4B-00C04F79EFBC}") = "WinFormsApp1", "WinFormsApp1.csproj", "{288D644B-18DA-45FE-91B3-F2D28D10D845}"
EndProject
Global
	GlobalSection(SolutionConfigurationPlatforms) = preSolution
		Debug|Any CPU = Debug|Any CPU
		Release|Any CPU = Release|Any CPU
	EndGlobalSection
	GlobalSection(ProjectConfigurationPlatforms) = postSolution
		{288D644B-18DA-45FE-91B3-F2D28D10D845}.Debug|Any CPU.ActiveCfg = Debug|Any CPU
		{288D644B-18DA-45FE-91B3-F2D28D10D845}.Debug|Any CPU.Build.0 = Debug|Any CPU
		{288D644B-18DA-45FE-91B3-F2D28D10D845}.Release|Any CPU.ActiveCfg = Release|Any CPU
		{288D644B-18DA-45FE-91B3-F2D28D10D845}.Release|Any CPU.Build.0 = Release|Any CPU
	EndGlobalSection
	GlobalSection(SolutionProperties) = preSolution
		HideSolutionNode = FALSE
	EndGlobalSection
	GlobalSection(ExtensibilityGlobals) = postSolution
		SolutionGuid = {1FEA601C-80BB-45E4-8BEA-3FA700E00948}
	EndGlobalSection
EndGlobal
